# This file was autogenerated by Stack.
# You should not edit this file by hand.
# For more information, please see the documentation at:
#   https://docs.haskellstack.org/en/stable/lock_files

packages:
- completed:
    hackage: random-1.1@sha256:7b67624fd76ddf97c206de0801dc7e888097e9d572974be9b9ea6551d76965df,1777
    pantry-tree:
      size: 637
      sha256: 14a1b01728c5584e87c9fa00746a66e28ffd89dd2c0eabd334c8463953496e1b
  original:
    hackage: random-1.1@sha256:7b67624fd76ddf97c206de0801dc7e888097e9d572974be9b9ea6551d76965df,1777
- completed:
    hackage: terminfo-0.4.1.6@sha256:fb0e7f56eb6ab259c03057b18eeb373d7f9acad45b2167f4c1eb4e80f10459a0,1658
    pantry-tree:
      size: 870
      sha256: 9cecc47f61b9c38b56f111191056c45fc5de4c427ac8752394f2c530875196a7
  original:
    hackage: terminfo-0.4.1.6@sha256:fb0e7f56eb6ab259c03057b18eeb373d7f9acad45b2167f4c1eb4e80f10459a0,1658
- completed:
    hackage: unix-2.8.5.0@sha256:256e42f032dfd7ef13d0ea3f4104a1f0883d93ccade0b11f26ea790ef8001259,10206
    pantry-tree:
      size: 5822
      sha256: 5fd7d12e5f86c18484d52d8cbe0362c1dea31b4c76f8e07a5bd00fb9e47429b6
  original:
    hackage: unix-2.8.5.0@sha256:256e42f032dfd7ef13d0ea3f4104a1f0883d93ccade0b11f26ea790ef8001259,10206
- completed:
    hackage: vty-windows-0.2.0.2@sha256:add74928c695b83f651116a73171b097524c7989d2b08c7c6e2816c982047cab,2815
    pantry-tree:
      size: 2160
      sha256: 348b3ce7af7bc386b8ecdf469c31b251eebf3a59945cd9de58f8cc8667fdcd7d
  original:
    hackage: vty-windows-0.2.0.2@sha256:add74928c695b83f651116a73171b097524c7989d2b08c7c6e2816c982047cab,2815
- completed:
    hackage: mtl-2.2.2@sha256:1050fb71acd9f5d67da7d992583f5bd0eb14407b9dc7acc122af1b738b706ca3,2261
    pantry-tree:
      size: 1713
      sha256: b8bdc2259e2f943a7252fb164805666fe108ac959d398e0af27b43ba2ebc241c
  original:
    hackage: mtl-2.2.2
snapshots:
- completed:
    size: 567679
    url: https://raw.githubusercontent.com/commercialhaskell/stackage-snapshots/master/lts/17/15.yaml
    sha256: 72e87841a0ab5b72f6f018e8ee692fd972b7bb32a944990f028e10d6eb528e63
  original: lts-17.15
