# This file was autogenerated by Stack.
# You should not edit this file by hand.
# For more information, please see the documentation at:
#   https://docs.haskellstack.org/en/stable/lock_files

packages:
- completed:
    hackage: random-1.2.0@sha256:195506fedaa7c31c1fa2a747e9b49b4a5d1f0b09dd8f1291f23a771656faeec3,6097
    pantry-tree:
      size: 1259
      sha256: 77505a2919b4d1d84abc36c995046f661741251e58a592ed826b7c1aee1c044c
  original:
    hackage: random-1.2.0
- completed:
    hackage: vty-windows-0.2.0.2@sha256:add74928c695b83f651116a73171b097524c7989d2b08c7c6e2816c982047cab,2815
    pantry-tree:
      size: 2160
      sha256: 348b3ce7af7bc386b8ecdf469c31b251eebf3a59945cd9de58f8cc8667fdcd7d
  original:
    hackage: vty-windows-0.2.0.2@sha256:add74928c695b83f651116a73171b097524c7989d2b08c7c6e2816c982047cab,2815
snapshots:
- completed:
    size: 713340
    url: https://raw.githubusercontent.com/commercialhaskell/stackage-snapshots/master/lts/22/19.yaml
    sha256: e5cac927cf7ccbd52aa41476baa68b88c564ee6ddc3bc573dbf4210069287fe7
  original:
    url: https://raw.githubusercontent.com/commercialhaskell/stackage-snapshots/master/lts/22/19.yaml
